
Microsoft Visual Studio Solution File, Format Version 12.00
# Visual Studio Version 16
VisualStudioVersion = 16.0.30717.126
MinimumVisualStudioVersion = 10.0.40219.1
Project("{9A19103F-16F7-4668-BE54-9A1E7A4F7556}") = "Kordamine_Bob_WhileIteration", "Kordamine_Bob\Kordamine_Bob_WhileIteration.csproj", "{0A028F07-5B34-4E65-8749-B8F1D9725B36}"
EndProject
Project("{9A19103F-16F7-4668-BE54-9A1E7A4F7556}") = "Kordamine_Bob_DatesAndTimes", "DatesAndTimes\Kordamine_Bob_DatesAndTimes.csproj", "{34208CAD-9078-4326-A550-C0861CB191E1}"
EndProject
Project("{9A19103F-16F7-4668-BE54-9A1E7A4F7556}") = "Kordamine_Bob_Strings", "Kordamine_Bob_Strings\Kordamine_Bob_Strings.csproj", "{58616B26-796D-41AF-8F36-A5E4B067D91C}"
EndProject
Project("{9A19103F-16F7-4668-BE54-9A1E7A4F7556}") = "Kordamine_Bob_Classes", "Kordamine_Bob_Classes\Kordamine_Bob_Classes.csproj", "{141751A4-8471-4EE5-BAEB-6733138304A8}"
EndProject
Project("{9A19103F-16F7-4668-BE54-9A1E7A4F7556}") = "Kordamine_Bob_ScopeAcessibilityModifiers", "Kordamine_Bob_ScopeAcessibilityModifiers\Kordamine_Bob_ScopeAcessibilityModifiers.csproj", "{37249727-65A1-4741-8D01-BE11EC82881C}"
EndProject
Project("{9A19103F-16F7-4668-BE54-9A1E7A4F7556}") = "Kordamine_Bob_ObjectLifetime", "Kordamine_Bob_ObjectLifetime\Kordamine_Bob_ObjectLifetime.csproj", "{64C4146C-0077-49BD-A01F-93F68577D6F1}"
EndProject
Project("{9A19103F-16F7-4668-BE54-9A1E7A4F7556}") = "Kordamine_Bob_References", "Kordamine_Bob_References\Kordamine_Bob_References.csproj", "{E11D3639-6E85-4F5B-8A24-7AEAA4F286CF}"
EndProject
Project("{9A19103F-16F7-4668-BE54-9A1E7A4F7556}") = "Kordamine_Bob_References_MyCodeLibrary", "MyCodeLibrary\Kordamine_Bob_References_MyCodeLibrary.csproj", "{9F7F62AD-CE1B-4E9B-85B1-D7FAF369BC94}"
EndProject
Project("{9A19103F-16F7-4668-BE54-9A1E7A4F7556}") = "Kordamine_Bob_Collections", "Kordamine_Bob_Collections\Kordamine_Bob_Collections.csproj", "{9128670B-D460-43A4-BC56-8B4A4BC72B5E}"
EndProject
Project("{9A19103F-16F7-4668-BE54-9A1E7A4F7556}") = "Kordamine_Bob_LINQ", "Kordamine_Bob_LINQ\Kordamine_Bob_LINQ.csproj", "{644E2565-2AC5-47DB-952B-4074B22B73FD}"
EndProject
Project("{9A19103F-16F7-4668-BE54-9A1E7A4F7556}") = "Kordamine_Bob_EnumsAndSwitch", "Kordamine_Bob_EnumsAndSwitch\Kordamine_Bob_EnumsAndSwitch.csproj", "{B7A9D9E8-F3EA-46D9-868C-9D170F3CD24D}"
EndProject
Project("{9A19103F-16F7-4668-BE54-9A1E7A4F7556}") = "Kordamine_Bob_ForIteration", "Kordamine_Bob_ForIteration\Kordamine_Bob_ForIteration.csproj", "{7AC82C63-1A88-4BD1-AAFB-52005132511A}"
EndProject
Project("{9A19103F-16F7-4668-BE54-9A1E7A4F7556}") = "Kordamine_Bob_Arrays", "Kordamine_Bob_Arrays\Kordamine_Bob_Arrays.csproj", "{BFC13953-2145-4E91-98DE-5F496F7F9184}"
EndProject
Project("{9A19103F-16F7-4668-BE54-9A1E7A4F7556}") = "Kordamine_Bob_ExceptionHandling", "Kordamine_Bob_ExceptionHandling\Kordamine_Bob_ExceptionHandling.csproj", "{6B9C81CF-4302-436C-AEAE-B441ADABB334}"
EndProject
Project("{9A19103F-16F7-4668-BE54-9A1E7A4F7556}") = "Kordamine_Bob_Events", "Kordamine_Bob_Events\Kordamine_Bob_Events.csproj", "{43F9136B-8A1F-4B57-9C0B-4039A4283288}"
EndProject
Project("{FAE04EC0-301F-11D3-BF4B-00C04F79EFBC}") = "Kordamine_Bob_WPFEvents", "Kordamine_Bob_WPFEvents\Kordamine_Bob_WPFEvents.csproj", "{A1A4FABC-314B-4C15-8967-59F6385AEB4A}"
EndProject
Project("{2150E333-8FDC-42A3-9474-1A3956D46DE8}") = "Nädal1_CSharp_Kordamine", "Nädal1_CSharp_Kordamine", "{9657EDDD-AD8F-4629-8CE0-1A1D46F5264D}"
EndProject
Project("{2150E333-8FDC-42A3-9474-1A3956D46DE8}") = "Nädal6_ContosoUniversityRazor", "Nädal6_ContosoUniversityRazor", "{C5C64259-867F-4124-AC4C-1795DAFFD79B}"
EndProject
Project("{9A19103F-16F7-4668-BE54-9A1E7A4F7556}") = "ContosoUniversity", "..\ContosoUniversity\ContosoUniversity\ContosoUniversity.csproj", "{C9B1F88F-2E07-46C1-9EE1-2B165D42B1B9}"
EndProject
Project("{2150E333-8FDC-42A3-9474-1A3956D46DE8}") = "Nädal3_MVC", "Nädal3_MVC", "{F3CBCAEA-A221-4E45-8FD5-B212AE89A80A}"
EndProject
Project("{9A19103F-16F7-4668-BE54-9A1E7A4F7556}") = "Rocky", "..\Rocky\Rocky\Rocky.csproj", "{E602C305-5377-40DA-A088-E9E6598057D7}"
EndProject
Project("{2150E333-8FDC-42A3-9474-1A3956D46DE8}") = "Nädal4ja5_ContosoUniversityMVC", "Nädal4ja5_ContosoUniversityMVC", "{C5E65EFB-9300-41BD-BA6B-FD1ED582575F}"
EndProject
Project("{9A19103F-16F7-4668-BE54-9A1E7A4F7556}") = "Contoso", "..\Contoso\Contoso\Contoso.csproj", "{5FCB071E-8F68-44E2-8B46-17DA5683E79F}"
EndProject
Project("{2150E333-8FDC-42A3-9474-1A3956D46DE8}") = "Nädal2_HTMLjaCSS", "Nädal2_HTMLjaCSS", "{2E7C958A-36D4-4DB1-A011-925B5E168E63}"
EndProject
Global
	GlobalSection(SolutionConfigurationPlatforms) = preSolution
		Debug|Any CPU = Debug|Any CPU
		Release|Any CPU = Release|Any CPU
	EndGlobalSection
	GlobalSection(ProjectConfigurationPlatforms) = postSolution
		{0A028F07-5B34-4E65-8749-B8F1D9725B36}.Debug|Any CPU.ActiveCfg = Debug|Any CPU
		{0A028F07-5B34-4E65-8749-B8F1D9725B36}.Debug|Any CPU.Build.0 = Debug|Any CPU
		{0A028F07-5B34-4E65-8749-B8F1D9725B36}.Release|Any CPU.ActiveCfg = Release|Any CPU
		{0A028F07-5B34-4E65-8749-B8F1D9725B36}.Release|Any CPU.Build.0 = Release|Any CPU
		{34208CAD-9078-4326-A550-C0861CB191E1}.Debug|Any CPU.ActiveCfg = Debug|Any CPU
		{34208CAD-9078-4326-A550-C0861CB191E1}.Debug|Any CPU.Build.0 = Debug|Any CPU
		{34208CAD-9078-4326-A550-C0861CB191E1}.Release|Any CPU.ActiveCfg = Release|Any CPU
		{34208CAD-9078-4326-A550-C0861CB191E1}.Release|Any CPU.Build.0 = Release|Any CPU
		{58616B26-796D-41AF-8F36-A5E4B067D91C}.Debug|Any CPU.ActiveCfg = Debug|Any CPU
		{58616B26-796D-41AF-8F36-A5E4B067D91C}.Debug|Any CPU.Build.0 = Debug|Any CPU
		{58616B26-796D-41AF-8F36-A5E4B067D91C}.Release|Any CPU.ActiveCfg = Release|Any CPU
		{58616B26-796D-41AF-8F36-A5E4B067D91C}.Release|Any CPU.Build.0 = Release|Any CPU
		{141751A4-8471-4EE5-BAEB-6733138304A8}.Debug|Any CPU.ActiveCfg = Debug|Any CPU
		{141751A4-8471-4EE5-BAEB-6733138304A8}.Debug|Any CPU.Build.0 = Debug|Any CPU
		{141751A4-8471-4EE5-BAEB-6733138304A8}.Release|Any CPU.ActiveCfg = Release|Any CPU
		{141751A4-8471-4EE5-BAEB-6733138304A8}.Release|Any CPU.Build.0 = Release|Any CPU
		{37249727-65A1-4741-8D01-BE11EC82881C}.Debug|Any CPU.ActiveCfg = Debug|Any CPU
		{37249727-65A1-4741-8D01-BE11EC82881C}.Debug|Any CPU.Build.0 = Debug|Any CPU
		{37249727-65A1-4741-8D01-BE11EC82881C}.Release|Any CPU.ActiveCfg = Release|Any CPU
		{37249727-65A1-4741-8D01-BE11EC82881C}.Release|Any CPU.Build.0 = Release|Any CPU
		{64C4146C-0077-49BD-A01F-93F68577D6F1}.Debug|Any CPU.ActiveCfg = Debug|Any CPU
		{64C4146C-0077-49BD-A01F-93F68577D6F1}.Debug|Any CPU.Build.0 = Debug|Any CPU
		{64C4146C-0077-49BD-A01F-93F68577D6F1}.Release|Any CPU.ActiveCfg = Release|Any CPU
		{64C4146C-0077-49BD-A01F-93F68577D6F1}.Release|Any CPU.Build.0 = Release|Any CPU
		{E11D3639-6E85-4F5B-8A24-7AEAA4F286CF}.Debug|Any CPU.ActiveCfg = Debug|Any CPU
		{E11D3639-6E85-4F5B-8A24-7AEAA4F286CF}.Debug|Any CPU.Build.0 = Debug|Any CPU
		{E11D3639-6E85-4F5B-8A24-7AEAA4F286CF}.Release|Any CPU.ActiveCfg = Release|Any CPU
		{E11D3639-6E85-4F5B-8A24-7AEAA4F286CF}.Release|Any CPU.Build.0 = Release|Any CPU
		{9F7F62AD-CE1B-4E9B-85B1-D7FAF369BC94}.Debug|Any CPU.ActiveCfg = Debug|Any CPU
		{9F7F62AD-CE1B-4E9B-85B1-D7FAF369BC94}.Debug|Any CPU.Build.0 = Debug|Any CPU
		{9F7F62AD-CE1B-4E9B-85B1-D7FAF369BC94}.Release|Any CPU.ActiveCfg = Release|Any CPU
		{9F7F62AD-CE1B-4E9B-85B1-D7FAF369BC94}.Release|Any CPU.Build.0 = Release|Any CPU
		{9128670B-D460-43A4-BC56-8B4A4BC72B5E}.Debug|Any CPU.ActiveCfg = Debug|Any CPU
		{9128670B-D460-43A4-BC56-8B4A4BC72B5E}.Debug|Any CPU.Build.0 = Debug|Any CPU
		{9128670B-D460-43A4-BC56-8B4A4BC72B5E}.Release|Any CPU.ActiveCfg = Release|Any CPU
		{9128670B-D460-43A4-BC56-8B4A4BC72B5E}.Release|Any CPU.Build.0 = Release|Any CPU
		{644E2565-2AC5-47DB-952B-4074B22B73FD}.Debug|Any CPU.ActiveCfg = Debug|Any CPU
		{644E2565-2AC5-47DB-952B-4074B22B73FD}.Debug|Any CPU.Build.0 = Debug|Any CPU
		{644E2565-2AC5-47DB-952B-4074B22B73FD}.Release|Any CPU.ActiveCfg = Release|Any CPU
		{644E2565-2AC5-47DB-952B-4074B22B73FD}.Release|Any CPU.Build.0 = Release|Any CPU
		{B7A9D9E8-F3EA-46D9-868C-9D170F3CD24D}.Debug|Any CPU.ActiveCfg = Debug|Any CPU
		{B7A9D9E8-F3EA-46D9-868C-9D170F3CD24D}.Debug|Any CPU.Build.0 = Debug|Any CPU
		{B7A9D9E8-F3EA-46D9-868C-9D170F3CD24D}.Release|Any CPU.ActiveCfg = Release|Any CPU
		{B7A9D9E8-F3EA-46D9-868C-9D170F3CD24D}.Release|Any CPU.Build.0 = Release|Any CPU
		{7AC82C63-1A88-4BD1-AAFB-52005132511A}.Debug|Any CPU.ActiveCfg = Debug|Any CPU
		{7AC82C63-1A88-4BD1-AAFB-52005132511A}.Debug|Any CPU.Build.0 = Debug|Any CPU
		{7AC82C63-1A88-4BD1-AAFB-52005132511A}.Release|Any CPU.ActiveCfg = Release|Any CPU
		{7AC82C63-1A88-4BD1-AAFB-52005132511A}.Release|Any CPU.Build.0 = Release|Any CPU
		{BFC13953-2145-4E91-98DE-5F496F7F9184}.Debug|Any CPU.ActiveCfg = Debug|Any CPU
		{BFC13953-2145-4E91-98DE-5F496F7F9184}.Debug|Any CPU.Build.0 = Debug|Any CPU
		{BFC13953-2145-4E91-98DE-5F496F7F9184}.Release|Any CPU.ActiveCfg = Release|Any CPU
		{BFC13953-2145-4E91-98DE-5F496F7F9184}.Release|Any CPU.Build.0 = Release|Any CPU
		{6B9C81CF-4302-436C-AEAE-B441ADABB334}.Debug|Any CPU.ActiveCfg = Debug|Any CPU
		{6B9C81CF-4302-436C-AEAE-B441ADABB334}.Debug|Any CPU.Build.0 = Debug|Any CPU
		{6B9C81CF-4302-436C-AEAE-B441ADABB334}.Release|Any CPU.ActiveCfg = Release|Any CPU
		{6B9C81CF-4302-436C-AEAE-B441ADABB334}.Release|Any CPU.Build.0 = Release|Any CPU
		{43F9136B-8A1F-4B57-9C0B-4039A4283288}.Debug|Any CPU.ActiveCfg = Debug|Any CPU
		{43F9136B-8A1F-4B57-9C0B-4039A4283288}.Debug|Any CPU.Build.0 = Debug|Any CPU
		{43F9136B-8A1F-4B57-9C0B-4039A4283288}.Release|Any CPU.ActiveCfg = Release|Any CPU
		{43F9136B-8A1F-4B57-9C0B-4039A4283288}.Release|Any CPU.Build.0 = Release|Any CPU
		{A1A4FABC-314B-4C15-8967-59F6385AEB4A}.Debug|Any CPU.ActiveCfg = Debug|Any CPU
		{A1A4FABC-314B-4C15-8967-59F6385AEB4A}.Debug|Any CPU.Build.0 = Debug|Any CPU
		{A1A4FABC-314B-4C15-8967-59F6385AEB4A}.Release|Any CPU.ActiveCfg = Release|Any CPU
		{A1A4FABC-314B-4C15-8967-59F6385AEB4A}.Release|Any CPU.Build.0 = Release|Any CPU
		{C9B1F88F-2E07-46C1-9EE1-2B165D42B1B9}.Debug|Any CPU.ActiveCfg = Debug|Any CPU
		{C9B1F88F-2E07-46C1-9EE1-2B165D42B1B9}.Debug|Any CPU.Build.0 = Debug|Any CPU
		{C9B1F88F-2E07-46C1-9EE1-2B165D42B1B9}.Release|Any CPU.ActiveCfg = Release|Any CPU
		{C9B1F88F-2E07-46C1-9EE1-2B165D42B1B9}.Release|Any CPU.Build.0 = Release|Any CPU
		{E602C305-5377-40DA-A088-E9E6598057D7}.Debug|Any CPU.ActiveCfg = Debug|Any CPU
		{E602C305-5377-40DA-A088-E9E6598057D7}.Debug|Any CPU.Build.0 = Debug|Any CPU
		{E602C305-5377-40DA-A088-E9E6598057D7}.Release|Any CPU.ActiveCfg = Release|Any CPU
		{E602C305-5377-40DA-A088-E9E6598057D7}.Release|Any CPU.Build.0 = Release|Any CPU
		{5FCB071E-8F68-44E2-8B46-17DA5683E79F}.Debug|Any CPU.ActiveCfg = Debug|Any CPU
		{5FCB071E-8F68-44E2-8B46-17DA5683E79F}.Debug|Any CPU.Build.0 = Debug|Any CPU
		{5FCB071E-8F68-44E2-8B46-17DA5683E79F}.Release|Any CPU.ActiveCfg = Release|Any CPU
		{5FCB071E-8F68-44E2-8B46-17DA5683E79F}.Release|Any CPU.Build.0 = Release|Any CPU
	EndGlobalSection
	GlobalSection(SolutionProperties) = preSolution
		HideSolutionNode = FALSE
	EndGlobalSection
	GlobalSection(NestedProjects) = preSolution
		{0A028F07-5B34-4E65-8749-B8F1D9725B36} = {9657EDDD-AD8F-4629-8CE0-1A1D46F5264D}
		{34208CAD-9078-4326-A550-C0861CB191E1} = {9657EDDD-AD8F-4629-8CE0-1A1D46F5264D}
		{58616B26-796D-41AF-8F36-A5E4B067D91C} = {9657EDDD-AD8F-4629-8CE0-1A1D46F5264D}
		{141751A4-8471-4EE5-BAEB-6733138304A8} = {9657EDDD-AD8F-4629-8CE0-1A1D46F5264D}
		{37249727-65A1-4741-8D01-BE11EC82881C} = {9657EDDD-AD8F-4629-8CE0-1A1D46F5264D}
		{64C4146C-0077-49BD-A01F-93F68577D6F1} = {9657EDDD-AD8F-4629-8CE0-1A1D46F5264D}
		{E11D3639-6E85-4F5B-8A24-7AEAA4F286CF} = {9657EDDD-AD8F-4629-8CE0-1A1D46F5264D}
		{9F7F62AD-CE1B-4E9B-85B1-D7FAF369BC94} = {9657EDDD-AD8F-4629-8CE0-1A1D46F5264D}
		{9128670B-D460-43A4-BC56-8B4A4BC72B5E} = {9657EDDD-AD8F-4629-8CE0-1A1D46F5264D}
		{644E2565-2AC5-47DB-952B-4074B22B73FD} = {9657EDDD-AD8F-4629-8CE0-1A1D46F5264D}
		{B7A9D9E8-F3EA-46D9-868C-9D170F3CD24D} = {9657EDDD-AD8F-4629-8CE0-1A1D46F5264D}
		{7AC82C63-1A88-4BD1-AAFB-52005132511A} = {9657EDDD-AD8F-4629-8CE0-1A1D46F5264D}
		{BFC13953-2145-4E91-98DE-5F496F7F9184} = {9657EDDD-AD8F-4629-8CE0-1A1D46F5264D}
		{6B9C81CF-4302-436C-AEAE-B441ADABB334} = {9657EDDD-AD8F-4629-8CE0-1A1D46F5264D}
		{43F9136B-8A1F-4B57-9C0B-4039A4283288} = {9657EDDD-AD8F-4629-8CE0-1A1D46F5264D}
		{A1A4FABC-314B-4C15-8967-59F6385AEB4A} = {9657EDDD-AD8F-4629-8CE0-1A1D46F5264D}
		{C9B1F88F-2E07-46C1-9EE1-2B165D42B1B9} = {C5C64259-867F-4124-AC4C-1795DAFFD79B}
		{E602C305-5377-40DA-A088-E9E6598057D7} = {F3CBCAEA-A221-4E45-8FD5-B212AE89A80A}
		{5FCB071E-8F68-44E2-8B46-17DA5683E79F} = {C5E65EFB-9300-41BD-BA6B-FD1ED582575F}
	EndGlobalSection
	GlobalSection(ExtensibilityGlobals) = postSolution
		SolutionGuid = {66AD60D1-87DB-4360-9E23-F65310BFD28C}
	EndGlobalSection
EndGlobal
